// !$*UTF8*$!
{
	archiveVersion = 1;
	classes = {
	};
	objectVersion = 48;
	objects = {

/* Begin PBXBuildFile section */
		D49C87455FF27051A6C42432 /* Pods_Employee360.framework in Frameworks */ = {isa = PBXBuildFile; fileRef = 94A0215C0F8561772A40A52B /* Pods_Employee360.framework */; };
		E21C1A3E20540BC700AFBB54 /* hAndAStoryboard.storyboard in Resources */ = {isa = PBXBuildFile; fileRef = E21C1A3D20540BC700AFBB54 /* hAndAStoryboard.storyboard */; };
		E21C1A4020540C0200AFBB54 /* healthAndFitnessViewController.swift in Sources */ = {isa = PBXBuildFile; fileRef = E21C1A3F20540C0200AFBB54 /* healthAndFitnessViewController.swift */; };
		E21C1A432054253F00AFBB54 /* PayrollStoryboard.storyboard in Resources */ = {isa = PBXBuildFile; fileRef = E21C1A422054253F00AFBB54 /* PayrollStoryboard.storyboard */; };
		E22699C220533A0800ED360D /* LeftMenuViewController.swift in Sources */ = {isa = PBXBuildFile; fileRef = E22699C120533A0800ED360D /* LeftMenuViewController.swift */; };
		E22699C5205348A700ED360D /* NetworkController.swift in Sources */ = {isa = PBXBuildFile; fileRef = E22699C4205348A700ED360D /* NetworkController.swift */; };
		E22699C820537B6300ED360D /* Events.swift in Sources */ = {isa = PBXBuildFile; fileRef = E22699C720537B6300ED360D /* Events.swift */; };
		E22699CA20537E4D00ED360D /* Employee.swift in Sources */ = {isa = PBXBuildFile; fileRef = E22699C920537E4D00ED360D /* Employee.swift */; };
		E23E7D2B205449C500F11F36 /* PayrollViewController.swift in Sources */ = {isa = PBXBuildFile; fileRef = E23E7D2A205449C500F11F36 /* PayrollViewController.swift */; };
		E23E7D2D205461B200F11F36 /* SelfTasksViewController.swift in Sources */ = {isa = PBXBuildFile; fileRef = E23E7D2C205461B200F11F36 /* SelfTasksViewController.swift */; };
		E29206B62052FD130051940E /* AppDelegate.swift in Sources */ = {isa = PBXBuildFile; fileRef = E29206B52052FD130051940E /* AppDelegate.swift */; };
		E29206B82052FD130051940E /* ViewController.swift in Sources */ = {isa = PBXBuildFile; fileRef = E29206B72052FD130051940E /* ViewController.swift */; };
		E29206BB2052FD130051940E /* Main.storyboard in Resources */ = {isa = PBXBuildFile; fileRef = E29206B92052FD130051940E /* Main.storyboard */; };
		E29206BD2052FD130051940E /* Assets.xcassets in Resources */ = {isa = PBXBuildFile; fileRef = E29206BC2052FD130051940E /* Assets.xcassets */; };
		E29206C02052FD130051940E /* LaunchScreen.storyboard in Resources */ = {isa = PBXBuildFile; fileRef = E29206BE2052FD130051940E /* LaunchScreen.storyboard */; };
		E29206C92053154D0051940E /* HomeViewController.swift in Sources */ = {isa = PBXBuildFile; fileRef = E29206C82053154D0051940E /* HomeViewController.swift */; };
		E29206D7205334610051940E /* SSASideMenu.swift in Sources */ = {isa = PBXBuildFile; fileRef = E29206D6205334610051940E /* SSASideMenu.swift */; };
		E29206D9205334C10051940E /* RightMenuViewController.swift in Sources */ = {isa = PBXBuildFile; fileRef = E29206D8205334C10051940E /* RightMenuViewController.swift */; };
		E2F5DA6E2053A4C600BB15CF /* EventTableViewCell.swift in Sources */ = {isa = PBXBuildFile; fileRef = E2F5DA6C2053A4C600BB15CF /* EventTableViewCell.swift */; };
		E2F5DA6F2053A4C600BB15CF /* EventTableViewCell.xib in Resources */ = {isa = PBXBuildFile; fileRef = E2F5DA6D2053A4C600BB15CF /* EventTableViewCell.xib */; };
		E2F5DA722053B5A500BB15CF /* ProfileStoryboard.storyboard in Resources */ = {isa = PBXBuildFile; fileRef = E2F5DA712053B5A500BB15CF /* ProfileStoryboard.storyboard */; };
		E2F5DA742053B5F200BB15CF /* UserProfileViewController.swift in Sources */ = {isa = PBXBuildFile; fileRef = E2F5DA732053B5F200BB15CF /* UserProfileViewController.swift */; };
		E2F5DA772053C7D600BB15CF /* UIViewControllerExtension.swift in Sources */ = {isa = PBXBuildFile; fileRef = E2F5DA762053C7D600BB15CF /* UIViewControllerExtension.swift */; };
/* End PBXBuildFile section */

/* Begin PBXFileReference section */
		7E13099F955A121C173925D7 /* Pods-Employee360.release.xcconfig */ = {isa = PBXFileReference; includeInIndex = 1; lastKnownFileType = text.xcconfig; name = "Pods-Employee360.release.xcconfig"; path = "Pods/Target Support Files/Pods-Employee360/Pods-Employee360.release.xcconfig"; sourceTree = "<group>"; };
		94A0215C0F8561772A40A52B /* Pods_Employee360.framework */ = {isa = PBXFileReference; explicitFileType = wrapper.framework; includeInIndex = 0; path = Pods_Employee360.framework; sourceTree = BUILT_PRODUCTS_DIR; };
		E1F8C5B611E7DCB8336FE912 /* Pods-Employee360.debug.xcconfig */ = {isa = PBXFileReference; includeInIndex = 1; lastKnownFileType = text.xcconfig; name = "Pods-Employee360.debug.xcconfig"; path = "Pods/Target Support Files/Pods-Employee360/Pods-Employee360.debug.xcconfig"; sourceTree = "<group>"; };
		E21C1A3D20540BC700AFBB54 /* hAndAStoryboard.storyboard */ = {isa = PBXFileReference; lastKnownFileType = file.storyboard; path = hAndAStoryboard.storyboard; sourceTree = "<group>"; };
		E21C1A3F20540C0200AFBB54 /* healthAndFitnessViewController.swift */ = {isa = PBXFileReference; lastKnownFileType = sourcecode.swift; path = healthAndFitnessViewController.swift; sourceTree = "<group>"; };
		E21C1A422054253F00AFBB54 /* PayrollStoryboard.storyboard */ = {isa = PBXFileReference; lastKnownFileType = file.storyboard; path = PayrollStoryboard.storyboard; sourceTree = "<group>"; };
		E22699C120533A0800ED360D /* LeftMenuViewController.swift */ = {isa = PBXFileReference; lastKnownFileType = sourcecode.swift; path = LeftMenuViewController.swift; sourceTree = "<group>"; };
		E22699C4205348A700ED360D /* NetworkController.swift */ = {isa = PBXFileReference; lastKnownFileType = sourcecode.swift; path = NetworkController.swift; sourceTree = "<group>"; };
		E22699C720537B6300ED360D /* Events.swift */ = {isa = PBXFileReference; lastKnownFileType = sourcecode.swift; path = Events.swift; sourceTree = "<group>"; };
		E22699C920537E4D00ED360D /* Employee.swift */ = {isa = PBXFileReference; lastKnownFileType = sourcecode.swift; path = Employee.swift; sourceTree = "<group>"; };
		E23E7D2A205449C500F11F36 /* PayrollViewController.swift */ = {isa = PBXFileReference; lastKnownFileType = sourcecode.swift; path = PayrollViewController.swift; sourceTree = "<group>"; };
		E23E7D2C205461B200F11F36 /* SelfTasksViewController.swift */ = {isa = PBXFileReference; lastKnownFileType = sourcecode.swift; path = SelfTasksViewController.swift; sourceTree = "<group>"; };
		E29206B22052FD120051940E /* Employee360.app */ = {isa = PBXFileReference; explicitFileType = wrapper.application; includeInIndex = 0; path = Employee360.app; sourceTree = BUILT_PRODUCTS_DIR; };
		E29206B52052FD130051940E /* AppDelegate.swift */ = {isa = PBXFileReference; lastKnownFileType = sourcecode.swift; path = AppDelegate.swift; sourceTree = "<group>"; };
		E29206B72052FD130051940E /* ViewController.swift */ = {isa = PBXFileReference; lastKnownFileType = sourcecode.swift; path = ViewController.swift; sourceTree = "<group>"; };
		E29206BA2052FD130051940E /* Base */ = {isa = PBXFileReference; lastKnownFileType = file.storyboard; name = Base; path = Base.lproj/Main.storyboard; sourceTree = "<group>"; };
		E29206BC2052FD130051940E /* Assets.xcassets */ = {isa = PBXFileReference; lastKnownFileType = folder.assetcatalog; path = Assets.xcassets; sourceTree = "<group>"; };
		E29206BF2052FD130051940E /* Base */ = {isa = PBXFileReference; lastKnownFileType = file.storyboard; name = Base; path = Base.lproj/LaunchScreen.storyboard; sourceTree = "<group>"; };
		E29206C12052FD130051940E /* Info.plist */ = {isa = PBXFileReference; lastKnownFileType = text.plist.xml; path = Info.plist; sourceTree = "<group>"; };
		E29206C82053154D0051940E /* HomeViewController.swift */ = {isa = PBXFileReference; lastKnownFileType = sourcecode.swift; path = HomeViewController.swift; sourceTree = "<group>"; };
		E29206D6205334610051940E /* SSASideMenu.swift */ = {isa = PBXFileReference; lastKnownFileType = sourcecode.swift; path = SSASideMenu.swift; sourceTree = "<group>"; };
		E29206D8205334C10051940E /* RightMenuViewController.swift */ = {isa = PBXFileReference; lastKnownFileType = sourcecode.swift; path = RightMenuViewController.swift; sourceTree = "<group>"; };
		E2F5DA6C2053A4C600BB15CF /* EventTableViewCell.swift */ = {isa = PBXFileReference; lastKnownFileType = sourcecode.swift; path = EventTableViewCell.swift; sourceTree = "<group>"; };
		E2F5DA6D2053A4C600BB15CF /* EventTableViewCell.xib */ = {isa = PBXFileReference; lastKnownFileType = file.xib; path = EventTableViewCell.xib; sourceTree = "<group>"; };
		E2F5DA712053B5A500BB15CF /* ProfileStoryboard.storyboard */ = {isa = PBXFileReference; lastKnownFileType = file.storyboard; path = ProfileStoryboard.storyboard; sourceTree = "<group>"; };
		E2F5DA732053B5F200BB15CF /* UserProfileViewController.swift */ = {isa = PBXFileReference; lastKnownFileType = sourcecode.swift; path = UserProfileViewController.swift; sourceTree = "<group>"; };
		E2F5DA762053C7D600BB15CF /* UIViewControllerExtension.swift */ = {isa = PBXFileReference; lastKnownFileType = sourcecode.swift; path = UIViewControllerExtension.swift; sourceTree = "<group>"; };
/* End PBXFileReference section */

/* Begin PBXFrameworksBuildPhase section */
		E29206AF2052FD120051940E /* Frameworks */ = {
			isa = PBXFrameworksBuildPhase;
			buildActionMask = 2147483647;
			files = (
				D49C87455FF27051A6C42432 /* Pods_Employee360.framework in Frameworks */,
			);
			runOnlyForDeploymentPostprocessing = 0;
		};
/* End PBXFrameworksBuildPhase section */

/* Begin PBXGroup section */
		5294E95DE2D0299B89D5F79D /* Frameworks */ = {
			isa = PBXGroup;
			children = (
				94A0215C0F8561772A40A52B /* Pods_Employee360.framework */,
			);
			name = Frameworks;
			sourceTree = "<group>";
		};
		C5A7696B83236C2205BFD5BF /* Pods */ = {
			isa = PBXGroup;
			children = (
				E1F8C5B611E7DCB8336FE912 /* Pods-Employee360.debug.xcconfig */,
				7E13099F955A121C173925D7 /* Pods-Employee360.release.xcconfig */,
			);
			name = Pods;
			sourceTree = "<group>";
		};
		E21C1A3C20540BA000AFBB54 /* Health and Fitness */ = {
			isa = PBXGroup;
			children = (
				E21C1A3D20540BC700AFBB54 /* hAndAStoryboard.storyboard */,
				E21C1A3F20540C0200AFBB54 /* healthAndFitnessViewController.swift */,
			);
			path = "Health and Fitness";
			sourceTree = "<group>";
		};
		E21C1A412054248B00AFBB54 /* Payroll */ = {
			isa = PBXGroup;
			children = (
				E21C1A422054253F00AFBB54 /* PayrollStoryboard.storyboard */,
				E23E7D2A205449C500F11F36 /* PayrollViewController.swift */,
			);
			path = Payroll;
			sourceTree = "<group>";
		};
		E22699C3205347DD00ED360D /* Services */ = {
			isa = PBXGroup;
			children = (
				E22699C4205348A700ED360D /* NetworkController.swift */,
			);
			path = Services;
			sourceTree = "<group>";
		};
		E22699C620537B4E00ED360D /* Model */ = {
			isa = PBXGroup;
			children = (
				E22699C720537B6300ED360D /* Events.swift */,
				E22699C920537E4D00ED360D /* Employee.swift */,
			);
			path = Model;
			sourceTree = "<group>";
		};
		E29206A92052FD120051940E = {
			isa = PBXGroup;
			children = (
				E29206B42052FD120051940E /* Employee360 */,
				E29206B32052FD120051940E /* Products */,
				C5A7696B83236C2205BFD5BF /* Pods */,
				5294E95DE2D0299B89D5F79D /* Frameworks */,
			);
			sourceTree = "<group>";
		};
		E29206B32052FD120051940E /* Products */ = {
			isa = PBXGroup;
			children = (
				E29206B22052FD120051940E /* Employee360.app */,
			);
			name = Products;
			sourceTree = "<group>";
		};
		E29206B42052FD120051940E /* Employee360 */ = {
			isa = PBXGroup;
			children = (
				E29206B52052FD130051940E /* AppDelegate.swift */,
				E29206B92052FD130051940E /* Main.storyboard */,
				E2F5DA752053C7B700BB15CF /* Common */,
				E29206D3205327910051940E /* SideMenu */,
				E22699C620537B4E00ED360D /* Model */,
				E22699C3205347DD00ED360D /* Services */,
				E29206C72052FE900051940E /* LoginAndHome */,
				E2F5DA702053B58B00BB15CF /* UserProfile */,
				E21C1A3C20540BA000AFBB54 /* Health and Fitness */,
				E21C1A412054248B00AFBB54 /* Payroll */,
				E29206BC2052FD130051940E /* Assets.xcassets */,
				E29206BE2052FD130051940E /* LaunchScreen.storyboard */,
				E29206C12052FD130051940E /* Info.plist */,
			);
			path = Employee360;
			sourceTree = "<group>";
		};
		E29206C72052FE900051940E /* LoginAndHome */ = {
			isa = PBXGroup;
			children = (
				E29206B72052FD130051940E /* ViewController.swift */,
				E29206C82053154D0051940E /* HomeViewController.swift */,
				E2F5DA6C2053A4C600BB15CF /* EventTableViewCell.swift */,
				E2F5DA6D2053A4C600BB15CF /* EventTableViewCell.xib */,
				E23E7D2C205461B200F11F36 /* SelfTasksViewController.swift */,
			);
			path = LoginAndHome;
			sourceTree = "<group>";
		};
		E29206D3205327910051940E /* SideMenu */ = {
			isa = PBXGroup;
			children = (
				E29206D6205334610051940E /* SSASideMenu.swift */,
				E29206D8205334C10051940E /* RightMenuViewController.swift */,
				E22699C120533A0800ED360D /* LeftMenuViewController.swift */,
			);
			path = SideMenu;
			sourceTree = "<group>";
		};
		E2F5DA702053B58B00BB15CF /* UserProfile */ = {
			isa = PBXGroup;
			children = (
				E2F5DA712053B5A500BB15CF /* ProfileStoryboard.storyboard */,
				E2F5DA732053B5F200BB15CF /* UserProfileViewController.swift */,
			);
			path = UserProfile;
			sourceTree = "<group>";
		};
		E2F5DA752053C7B700BB15CF /* Common */ = {
			isa = PBXGroup;
			children = (
				E2F5DA762053C7D600BB15CF /* UIViewControllerExtension.swift */,
			);
			path = Common;
			sourceTree = "<group>";
		};
/* End PBXGroup section */

/* Begin PBXNativeTarget section */
		E29206B12052FD120051940E /* Employee360 */ = {
			isa = PBXNativeTarget;
			buildConfigurationList = E29206C42052FD130051940E /* Build configuration list for PBXNativeTarget "Employee360" */;
			buildPhases = (
				E318DE5AFE4B14A36688CD9A /* [CP] Check Pods Manifest.lock */,
				E29206AE2052FD120051940E /* Sources */,
				E29206AF2052FD120051940E /* Frameworks */,
				E29206B02052FD120051940E /* Resources */,
				D7FE8DE313A9D8E79C98F4F6 /* [CP] Embed Pods Frameworks */,
				3B2F85248E2F1F04BAE0FFA7 /* [CP] Copy Pods Resources */,
			);
			buildRules = (
			);
			dependencies = (
			);
			name = Employee360;
			productName = Employee360;
			productReference = E29206B22052FD120051940E /* Employee360.app */;
			productType = "com.apple.product-type.application";
		};
/* End PBXNativeTarget section */

/* Begin PBXProject section */
		E29206AA2052FD120051940E /* Project object */ = {
			isa = PBXProject;
			attributes = {
				LastSwiftUpdateCheck = 0920;
				LastUpgradeCheck = 0920;
				ORGANIZATIONNAME = "Colruyt Group";
				TargetAttributes = {
					E29206B12052FD120051940E = {
						CreatedOnToolsVersion = 9.2;
						ProvisioningStyle = Automatic;
					};
				};
			};
			buildConfigurationList = E29206AD2052FD120051940E /* Build configuration list for PBXProject "Employee360" */;
			compatibilityVersion = "Xcode 8.0";
			developmentRegion = en;
			hasScannedForEncodings = 0;
			knownRegions = (
				en,
				Base,
			);
			mainGroup = E29206A92052FD120051940E;
			productRefGroup = E29206B32052FD120051940E /* Products */;
			projectDirPath = "";
			projectRoot = "";
			targets = (
				E29206B12052FD120051940E /* Employee360 */,
			);
		};
/* End PBXProject section */

/* Begin PBXResourcesBuildPhase section */
		E29206B02052FD120051940E /* Resources */ = {
			isa = PBXResourcesBuildPhase;
			buildActionMask = 2147483647;
			files = (
				E2F5DA6F2053A4C600BB15CF /* EventTableViewCell.xib in Resources */,
				E29206C02052FD130051940E /* LaunchScreen.storyboard in Resources */,
				E21C1A3E20540BC700AFBB54 /* hAndAStoryboard.storyboard in Resources */,
				E29206BD2052FD130051940E /* Assets.xcassets in Resources */,
				E21C1A432054253F00AFBB54 /* PayrollStoryboard.storyboard in Resources */,
				E29206BB2052FD130051940E /* Main.storyboard in Resources */,
				E2F5DA722053B5A500BB15CF /* ProfileStoryboard.storyboard in Resources */,
			);
			runOnlyForDeploymentPostprocessing = 0;
		};
/* End PBXResourcesBuildPhase section */

/* Begin PBXShellScriptBuildPhase section */
		3B2F85248E2F1F04BAE0FFA7 /* [CP] Copy Pods Resources */ = {
			isa = PBXShellScriptBuildPhase;
			buildActionMask = 2147483647;
			files = (
			);
			inputPaths = (
			);
			name = "[CP] Copy Pods Resources";
			outputPaths = (
			);
			runOnlyForDeploymentPostprocessing = 0;
			shellPath = /bin/sh;
			shellScript = "\"${SRCROOT}/Pods/Target Support Files/Pods-Employee360/Pods-Employee360-resources.sh\"\n";
			showEnvVarsInLog = 0;
		};
		D7FE8DE313A9D8E79C98F4F6 /* [CP] Embed Pods Frameworks */ = {
			isa = PBXShellScriptBuildPhase;
			buildActionMask = 2147483647;
			files = (
			);
			inputPaths = (
			);
			name = "[CP] Embed Pods Frameworks";
			outputPaths = (
			);
			runOnlyForDeploymentPostprocessing = 0;
			shellPath = /bin/sh;
			shellScript = "\"${SRCROOT}/Pods/Target Support Files/Pods-Employee360/Pods-Employee360-frameworks.sh\"\n";
			showEnvVarsInLog = 0;
		};
		E318DE5AFE4B14A36688CD9A /* [CP] Check Pods Manifest.lock */ = {
			isa = PBXShellScriptBuildPhase;
			buildActionMask = 2147483647;
			files = (
			);
			inputPaths = (
			);
			name = "[CP] Check Pods Manifest.lock";
			outputPaths = (
			);
			runOnlyForDeploymentPostprocessing = 0;
			shellPath = /bin/sh;
			shellScript = "diff \"${PODS_PODFILE_DIR_PATH}/Podfile.lock\" \"${PODS_ROOT}/Manifest.lock\" > /dev/null\nif [ $? != 0 ] ; then\n    # print error to STDERR\n    echo \"error: The sandbox is not in sync with the Podfile.lock. Run 'pod install' or update your CocoaPods installation.\" >&2\n    exit 1\nfi\n";
			showEnvVarsInLog = 0;
		};
/* End PBXShellScriptBuildPhase section */

/* Begin PBXSourcesBuildPhase section */
		E29206AE2052FD120051940E /* Sources */ = {
			isa = PBXSourcesBuildPhase;
			buildActionMask = 2147483647;
			files = (
				E29206B82052FD130051940E /* ViewController.swift in Sources */,
				E22699CA20537E4D00ED360D /* Employee.swift in Sources */,
				E29206D7205334610051940E /* SSASideMenu.swift in Sources */,
				E22699C220533A0800ED360D /* LeftMenuViewController.swift in Sources */,
				E29206B62052FD130051940E /* AppDelegate.swift in Sources */,
				E22699C820537B6300ED360D /* Events.swift in Sources */,
				E23E7D2B205449C500F11F36 /* PayrollViewController.swift in Sources */,
				E29206C92053154D0051940E /* HomeViewController.swift in Sources */,
				E22699C5205348A700ED360D /* NetworkController.swift in Sources */,
				E23E7D2D205461B200F11F36 /* SelfTasksViewController.swift in Sources */,
				E2F5DA772053C7D600BB15CF /* UIViewControllerExtension.swift in Sources */,
				E2F5DA6E2053A4C600BB15CF /* EventTableViewCell.swift in Sources */,
				E2F5DA742053B5F200BB15CF /* UserProfileViewController.swift in Sources */,
				E21C1A4020540C0200AFBB54 /* healthAndFitnessViewController.swift in Sources */,
				E29206D9205334C10051940E /* RightMenuViewController.swift in Sources */,
			);
			runOnlyForDeploymentPostprocessing = 0;
		};
/* End PBXSourcesBuildPhase section */

/* Begin PBXVariantGroup section */
		E29206B92052FD130051940E /* Main.storyboard */ = {
			isa = PBXVariantGroup;
			children = (
				E29206BA2052FD130051940E /* Base */,
			);
			name = Main.storyboard;
			sourceTree = "<group>";
		};
		E29206BE2052FD130051940E /* LaunchScreen.storyboard */ = {
			isa = PBXVariantGroup;
			children = (
				E29206BF2052FD130051940E /* Base */,
			);
			name = LaunchScreen.storyboard;
			sourceTree = "<group>";
		};
/* End PBXVariantGroup section */

/* Begin XCBuildConfiguration section */
		E29206C22052FD130051940E /* Debug */ = {
			isa = XCBuildConfiguration;
			buildSettings = {
				ALWAYS_SEARCH_USER_PATHS = NO;
				CLANG_ANALYZER_NONNULL = YES;
				CLANG_ANALYZER_NUMBER_OBJECT_CONVERSION = YES_AGGRESSIVE;
				CLANG_CXX_LANGUAGE_STANDARD = "gnu++14";
				CLANG_CXX_LIBRARY = "libc++";
				CLANG_ENABLE_MODULES = YES;
				CLANG_ENABLE_OBJC_ARC = YES;
				CLANG_WARN_BLOCK_CAPTURE_AUTORELEASING = YES;
				CLANG_WARN_BOOL_CONVERSION = YES;
				CLANG_WARN_COMMA = YES;
				CLANG_WARN_CONSTANT_CONVERSION = YES;
				CLANG_WARN_DIRECT_OBJC_ISA_USAGE = YES_ERROR;
				CLANG_WARN_DOCUMENTATION_COMMENTS = YES;
				CLANG_WARN_EMPTY_BODY = YES;
				CLANG_WARN_ENUM_CONVERSION = YES;
				CLANG_WARN_INFINITE_RECURSION = YES;
				CLANG_WARN_INT_CONVERSION = YES;
				CLANG_WARN_NON_LITERAL_NULL_CONVERSION = YES;
				CLANG_WARN_OBJC_LITERAL_CONVERSION = YES;
				CLANG_WARN_OBJC_ROOT_CLASS = YES_ERROR;
				CLANG_WARN_RANGE_LOOP_ANALYSIS = YES;
				CLANG_WARN_STRICT_PROTOTYPES = YES;
				CLANG_WARN_SUSPICIOUS_MOVE = YES;
				CLANG_WARN_UNGUARDED_AVAILABILITY = YES_AGGRESSIVE;
				CLANG_WARN_UNREACHABLE_CODE = YES;
				CLANG_WARN__DUPLICATE_METHOD_MATCH = YES;
				CODE_SIGN_IDENTITY = "iPhone Developer";
				COPY_PHASE_STRIP = NO;
				DEBUG_INFORMATION_FORMAT = dwarf;
				ENABLE_STRICT_OBJC_MSGSEND = YES;
				ENABLE_TESTABILITY = YES;
				GCC_C_LANGUAGE_STANDARD = gnu11;
				GCC_DYNAMIC_NO_PIC = NO;
				GCC_NO_COMMON_BLOCKS = YES;
				GCC_OPTIMIZATION_LEVEL = 0;
				GCC_PREPROCESSOR_DEFINITIONS = (
					"DEBUG=1",
					"$(inherited)",
				);
				GCC_WARN_64_TO_32_BIT_CONVERSION = YES;
				GCC_WARN_ABOUT_RETURN_TYPE = YES_ERROR;
				GCC_WARN_UNDECLARED_SELECTOR = YES;
				GCC_WARN_UNINITIALIZED_AUTOS = YES_AGGRESSIVE;
				GCC_WARN_UNUSED_FUNCTION = YES;
				GCC_WARN_UNUSED_VARIABLE = YES;
				IPHONEOS_DEPLOYMENT_TARGET = 11.2;
				MTL_ENABLE_DEBUG_INFO = YES;
				ONLY_ACTIVE_ARCH = YES;
				SDKROOT = iphoneos;
				SWIFT_ACTIVE_COMPILATION_CONDITIONS = DEBUG;
				SWIFT_OPTIMIZATION_LEVEL = "-Onone";
			};
			name = Debug;
		};
		E29206C32052FD130051940E /* Release */ = {
			isa = XCBuildConfiguration;
			buildSettings = {
				ALWAYS_SEARCH_USER_PATHS = NO;
				CLANG_ANALYZER_NONNULL = YES;
				CLANG_ANALYZER_NUMBER_OBJECT_CONVERSION = YES_AGGRESSIVE;
				CLANG_CXX_LANGUAGE_STANDARD = "gnu++14";
				CLANG_CXX_LIBRARY = "libc++";
				CLANG_ENABLE_MODULES = YES;
				CLANG_ENABLE_OBJC_ARC = YES;
				CLANG_WARN_BLOCK_CAPTURE_AUTORELEASING = YES;
				CLANG_WARN_BOOL_CONVERSION = YES;
				CLANG_WARN_COMMA = YES;
				CLANG_WARN_CONSTANT_CONVERSION = YES;
				CLANG_WARN_DIRECT_OBJC_ISA_USAGE = YES_ERROR;
				CLANG_WARN_DOCUMENTATION_COMMENTS = YES;
				CLANG_WARN_EMPTY_BODY = YES;
				CLANG_WARN_ENUM_CONVERSION = YES;
				CLANG_WARN_INFINITE_RECURSION = YES;
				CLANG_WARN_INT_CONVERSION = YES;
				CLANG_WARN_NON_LITERAL_NULL_CONVERSION = YES;
				CLANG_WARN_OBJC_LITERAL_CONVERSION = YES;
				CLANG_WARN_OBJC_ROOT_CLASS = YES_ERROR;
				CLANG_WARN_RANGE_LOOP_ANALYSIS = YES;
				CLANG_WARN_STRICT_PROTOTYPES = YES;
				CLANG_WARN_SUSPICIOUS_MOVE = YES;
				CLANG_WARN_UNGUARDED_AVAILABILITY = YES_AGGRESSIVE;
				CLANG_WARN_UNREACHABLE_CODE = YES;
				CLANG_WARN__DUPLICATE_METHOD_MATCH = YES;
				CODE_SIGN_IDENTITY = "iPhone Developer";
				COPY_PHASE_STRIP = NO;
				DEBUG_INFORMATION_FORMAT = "dwarf-with-dsym";
				ENABLE_NS_ASSERTIONS = NO;
				ENABLE_STRICT_OBJC_MSGSEND = YES;
				GCC_C_LANGUAGE_STANDARD = gnu11;
				GCC_NO_COMMON_BLOCKS = YES;
				GCC_WARN_64_TO_32_BIT_CONVERSION = YES;
				GCC_WARN_ABOUT_RETURN_TYPE = YES_ERROR;
				GCC_WARN_UNDECLARED_SELECTOR = YES;
				GCC_WARN_UNINITIALIZED_AUTOS = YES_AGGRESSIVE;
				GCC_WARN_UNUSED_FUNCTION = YES;
				GCC_WARN_UNUSED_VARIABLE = YES;
				IPHONEOS_DEPLOYMENT_TARGET = 11.2;
				MTL_ENABLE_DEBUG_INFO = NO;
				SDKROOT = iphoneos;
				SWIFT_OPTIMIZATION_LEVEL = "-Owholemodule";
				VALIDATE_PRODUCT = YES;
			};
			name = Release;
		};
		E29206C52052FD130051940E /* Debug */ = {
			isa = XCBuildConfiguration;
			baseConfigurationReference = E1F8C5B611E7DCB8336FE912 /* Pods-Employee360.debug.xcconfig */;
			buildSettings = {
				ASSETCATALOG_COMPILER_APPICON_NAME = AppIcon;
				CODE_SIGN_STYLE = Automatic;
				DEVELOPMENT_TEAM = WZQNY587GZ;
				INFOPLIST_FILE = Employee360/Info.plist;
				IPHONEOS_DEPLOYMENT_TARGET = 9.0;
				LD_RUNPATH_SEARCH_PATHS = "$(inherited) @executable_path/Frameworks";
				PRODUCT_BUNDLE_IDENTIFIER = com.colruytindia.Employee360;
				PRODUCT_NAME = "$(TARGET_NAME)";
				SWIFT_VERSION = 4.0;
				TARGETED_DEVICE_FAMILY = 2;
			};
			name = Debug;
		};
		E29206C62052FD130051940E /* Release */ = {
			isa = XCBuildConfiguration;
			baseConfigurationReference = 7E13099F955A121C173925D7 /* Pods-Employee360.release.xcconfig */;
			buildSettings = {
				ASSETCATALOG_COMPILER_APPICON_NAME = AppIcon;
				CODE_SIGN_STYLE = Automatic;
				DEVELOPMENT_TEAM = WZQNY587GZ;
				INFOPLIST_FILE = Employee360/Info.plist;
				IPHONEOS_DEPLOYMENT_TARGET = 9.0;
				LD_RUNPATH_SEARCH_PATHS = "$(inherited) @executable_path/Frameworks";
				PRODUCT_BUNDLE_IDENTIFIER = com.colruytindia.Employee360;
				PRODUCT_NAME = "$(TARGET_NAME)";
				SWIFT_VERSION = 4.0;
				TARGETED_DEVICE_FAMILY = 2;
			};
			name = Release;
		};
/* End XCBuildConfiguration section */

/* Begin XCConfigurationList section */
		E29206AD2052FD120051940E /* Build configuration list for PBXProject "Employee360" */ = {
			isa = XCConfigurationList;
			buildConfigurations = (
				E29206C22052FD130051940E /* Debug */,
				E29206C32052FD130051940E /* Release */,
			);
			defaultConfigurationIsVisible = 0;
			defaultConfigurationName = Release;
		};
		E29206C42052FD130051940E /* Build configuration list for PBXNativeTarget "Employee360" */ = {
			isa = XCConfigurationList;
			buildConfigurations = (
				E29206C52052FD130051940E /* Debug */,
				E29206C62052FD130051940E /* Release */,
			);
			defaultConfigurationIsVisible = 0;
			defaultConfigurationName = Release;
		};
/* End XCConfigurationList section */
	};
	rootObject = E29206AA2052FD120051940E /* Project object */;
}
